// !$*UTF8*$!
{
	archiveVersion = 1;
	classes = {
	};
	objectVersion = 50;
	objects = {

/* Begin PBXBuildFile section */
		195004CE21042C4E0085F5E0 /* MEMELib.framework in Embed Frameworks */ = {isa = PBXBuildFile; fileRef = 19BA5BA521031CAD00909A7F /* MEMELib.framework */; settings = {ATTRIBUTES = (CodeSignOnCopy, RemoveHeadersOnCopy, ); }; };
		195004D021042C560085F5E0 /* MEMELib.framework in Frameworks */ = {isa = PBXBuildFile; fileRef = 19BA5BA521031CAD00909A7F /* MEMELib.framework */; };
		195004D221042F240085F5E0 /* MemeTableViewController.swift in Sources */ = {isa = PBXBuildFile; fileRef = 195004D121042F240085F5E0 /* MemeTableViewController.swift */; };
		19BA5B9421031C9000909A7F /* AppDelegate.swift in Sources */ = {isa = PBXBuildFile; fileRef = 19BA5B9321031C9000909A7F /* AppDelegate.swift */; };
		19BA5B9921031C9000909A7F /* Main.storyboard in Resources */ = {isa = PBXBuildFile; fileRef = 19BA5B9721031C9000909A7F /* Main.storyboard */; };
		19BA5B9B21031C9300909A7F /* Assets.xcassets in Resources */ = {isa = PBXBuildFile; fileRef = 19BA5B9A21031C9300909A7F /* Assets.xcassets */; };
		19BA5B9E21031C9300909A7F /* LaunchScreen.storyboard in Resources */ = {isa = PBXBuildFile; fileRef = 19BA5B9C21031C9300909A7F /* LaunchScreen.storyboard */; };
		19BA5BA921031CBB00909A7F /* CoreBluetooth.framework in Frameworks */ = {isa = PBXBuildFile; fileRef = 19BA5BA821031CBB00909A7F /* CoreBluetooth.framework */; };
/* End PBXBuildFile section */

/* Begin PBXCopyFilesBuildPhase section */
		195004CF21042C4E0085F5E0 /* Embed Frameworks */ = {
			isa = PBXCopyFilesBuildPhase;
			buildActionMask = 2147483647;
			dstPath = "";
			dstSubfolderSpec = 10;
			files = (
				195004CE21042C4E0085F5E0 /* MEMELib.framework in Embed Frameworks */,
			);
			name = "Embed Frameworks";
			runOnlyForDeploymentPostprocessing = 0;
		};
/* End PBXCopyFilesBuildPhase section */

/* Begin PBXFileReference section */
		195004D121042F240085F5E0 /* MemeTableViewController.swift */ = {isa = PBXFileReference; lastKnownFileType = sourcecode.swift; path = MemeTableViewController.swift; sourceTree = "<group>"; };
		19BA5B9021031C9000909A7F /* MyMEME.app */ = {isa = PBXFileReference; explicitFileType = wrapper.application; includeInIndex = 0; path = MyMEME.app; sourceTree = BUILT_PRODUCTS_DIR; };
		19BA5B9321031C9000909A7F /* AppDelegate.swift */ = {isa = PBXFileReference; lastKnownFileType = sourcecode.swift; path = AppDelegate.swift; sourceTree = "<group>"; };
		19BA5B9821031C9000909A7F /* Base */ = {isa = PBXFileReference; lastKnownFileType = file.storyboard; name = Base; path = Base.lproj/Main.storyboard; sourceTree = "<group>"; };
		19BA5B9A21031C9300909A7F /* Assets.xcassets */ = {isa = PBXFileReference; lastKnownFileType = folder.assetcatalog; path = Assets.xcassets; sourceTree = "<group>"; };
		19BA5B9D21031C9300909A7F /* Base */ = {isa = PBXFileReference; lastKnownFileType = file.storyboard; name = Base; path = Base.lproj/LaunchScreen.storyboard; sourceTree = "<group>"; };
		19BA5B9F21031C9300909A7F /* Info.plist */ = {isa = PBXFileReference; lastKnownFileType = text.plist.xml; path = Info.plist; sourceTree = "<group>"; };
		19BA5BA521031CAD00909A7F /* MEMELib.framework */ = {isa = PBXFileReference; lastKnownFileType = wrapper.framework; path = MEMELib.framework; sourceTree = "<group>"; };
		19BA5BA821031CBB00909A7F /* CoreBluetooth.framework */ = {isa = PBXFileReference; lastKnownFileType = wrapper.framework; name = CoreBluetooth.framework; path = System/Library/Frameworks/CoreBluetooth.framework; sourceTree = SDKROOT; };
/* End PBXFileReference section */

/* Begin PBXFrameworksBuildPhase section */
		19BA5B8D21031C9000909A7F /* Frameworks */ = {
			isa = PBXFrameworksBuildPhase;
			buildActionMask = 2147483647;
			files = (
				19BA5BA921031CBB00909A7F /* CoreBluetooth.framework in Frameworks */,
				195004D021042C560085F5E0 /* MEMELib.framework in Frameworks */,
			);
			runOnlyForDeploymentPostprocessing = 0;
		};
/* End PBXFrameworksBuildPhase section */

/* Begin PBXGroup section */
		19BA5B8721031C9000909A7F = {
			isa = PBXGroup;
			children = (
				19BA5B9221031C9000909A7F /* MyMEME */,
				19BA5B9121031C9000909A7F /* Products */,
				19BA5BA721031CBB00909A7F /* Frameworks */,
			);
			sourceTree = "<group>";
		};
		19BA5B9121031C9000909A7F /* Products */ = {
			isa = PBXGroup;
			children = (
				19BA5B9021031C9000909A7F /* MyMEME.app */,
			);
			name = Products;
			sourceTree = "<group>";
		};
		19BA5B9221031C9000909A7F /* MyMEME */ = {
			isa = PBXGroup;
			children = (
				19BA5BA521031CAD00909A7F /* MEMELib.framework */,
				19BA5B9321031C9000909A7F /* AppDelegate.swift */,
				195004D121042F240085F5E0 /* MemeTableViewController.swift */,
				19BA5B9721031C9000909A7F /* Main.storyboard */,
				19BA5B9A21031C9300909A7F /* Assets.xcassets */,
				19BA5B9C21031C9300909A7F /* LaunchScreen.storyboard */,
				19BA5B9F21031C9300909A7F /* Info.plist */,
			);
			path = MyMEME;
			sourceTree = "<group>";
		};
		19BA5BA721031CBB00909A7F /* Frameworks */ = {
			isa = PBXGroup;
			children = (
				19BA5BA821031CBB00909A7F /* CoreBluetooth.framework */,
			);
			name = Frameworks;
			sourceTree = "<group>";
		};
/* End PBXGroup section */

/* Begin PBXNativeTarget section */
		19BA5B8F21031C9000909A7F /* MyMEME */ = {
			isa = PBXNativeTarget;
			buildConfigurationList = 19BA5BA221031C9300909A7F /* Build configuration list for PBXNativeTarget "MyMEME" */;
			buildPhases = (
				19BA5B8C21031C9000909A7F /* Sources */,
				19BA5B8D21031C9000909A7F /* Frameworks */,
				19BA5B8E21031C9000909A7F /* Resources */,
				195004CF21042C4E0085F5E0 /* Embed Frameworks */,
			);
			buildRules = (
			);
			dependencies = (
			);
			name = MyMEME;
			productName = MyMEME;
			productReference = 19BA5B9021031C9000909A7F /* MyMEME.app */;
			productType = "com.apple.product-type.application";
		};
/* End PBXNativeTarget section */

/* Begin PBXProject section */
		19BA5B8821031C9000909A7F /* Project object */ = {
			isa = PBXProject;
			attributes = {
				LastSwiftUpdateCheck = 0940;
				LastUpgradeCheck = 0940;
				ORGANIZATIONNAME = "Takayuki Sei";
				TargetAttributes = {
					19BA5B8F21031C9000909A7F = {
						CreatedOnToolsVersion = 9.4.1;
						SystemCapabilities = {
							com.apple.BackgroundModes = {
								enabled = 1;
							};
						};
					};
				};
			};
			buildConfigurationList = 19BA5B8B21031C9000909A7F /* Build configuration list for PBXProject "MyMEME" */;
			compatibilityVersion = "Xcode 9.3";
			developmentRegion = en;
			hasScannedForEncodings = 0;
			knownRegions = (
				en,
				Base,
			);
			mainGroup = 19BA5B8721031C9000909A7F;
			productRefGroup = 19BA5B9121031C9000909A7F /* Products */;
			projectDirPath = "";
			projectRoot = "";
			targets = (
				19BA5B8F21031C9000909A7F /* MyMEME */,
			);
		};
/* End PBXProject section */

/* Begin PBXResourcesBuildPhase section */
		19BA5B8E21031C9000909A7F /* Resources */ = {
			isa = PBXResourcesBuildPhase;
			buildActionMask = 2147483647;
			files = (
				19BA5B9E21031C9300909A7F /* LaunchScreen.storyboard in Resources */,
				19BA5B9B21031C9300909A7F /* Assets.xcassets in Resources */,
				19BA5B9921031C9000909A7F /* Main.storyboard in Resources */,
			);
			runOnlyForDeploymentPostprocessing = 0;
		};
/* End PBXResourcesBuildPhase section */

/* Begin PBXSourcesBuildPhase section */
		19BA5B8C21031C9000909A7F /* Sources */ = {
			isa = PBXSourcesBuildPhase;
			buildActionMask = 2147483647;
			files = (
				195004D221042F240085F5E0 /* MemeTableViewController.swift in Sources */,
				19BA5B9421031C9000909A7F /* AppDelegate.swift in Sources */,
			);
			runOnlyForDeploymentPostprocessing = 0;
		};
/* End PBXSourcesBuildPhase section */

/* Begin PBXVariantGroup section */
		19BA5B9721031C9000909A7F /* Main.storyboard */ = {
			isa = PBXVariantGroup;
			children = (
				19BA5B9821031C9000909A7F /* Base */,
			);
			name = Main.storyboard;
			sourceTree = "<group>";
		};
		19BA5B9C21031C9300909A7F /* LaunchScreen.storyboard */ = {
			isa = PBXVariantGroup;
			children = (
				19BA5B9D21031C9300909A7F /* Base */,
			);
			name = LaunchScreen.storyboard;
			sourceTree = "<group>";
		};
/* End PBXVariantGroup section */

/* Begin XCBuildConfiguration section */
		19BA5BA021031C9300909A7F /* Debug */ = {
			isa = XCBuildConfiguration;
			buildSettings = {
				ALWAYS_SEARCH_USER_PATHS = NO;
				CLANG_ANALYZER_NONNULL = YES;
				CLANG_ANALYZER_NUMBER_OBJECT_CONVERSION = YES_AGGRESSIVE;
				CLANG_CXX_LANGUAGE_STANDARD = "gnu++14";
				CLANG_CXX_LIBRARY = "libc++";
				CLANG_ENABLE_MODULES = YES;
				CLANG_ENABLE_OBJC_ARC = YES;
				CLANG_ENABLE_OBJC_WEAK = YES;
				CLANG_WARN_BLOCK_CAPTURE_AUTORELEASING = YES;
				CLANG_WARN_BOOL_CONVERSION = YES;
				CLANG_WARN_COMMA = YES;
				CLANG_WARN_CONSTANT_CONVERSION = YES;
				CLANG_WARN_DEPRECATED_OBJC_IMPLEMENTATIONS = YES;
				CLANG_WARN_DIRECT_OBJC_ISA_USAGE = YES_ERROR;
				CLANG_WARN_DOCUMENTATION_COMMENTS = YES;
				CLANG_WARN_EMPTY_BODY = YES;
				CLANG_WARN_ENUM_CONVERSION = YES;
				CLANG_WARN_INFINITE_RECURSION = YES;
				CLANG_WARN_INT_CONVERSION = YES;
				CLANG_WARN_NON_LITERAL_NULL_CONVERSION = YES;
				CLANG_WARN_OBJC_IMPLICIT_RETAIN_SELF = YES;
				CLANG_WARN_OBJC_LITERAL_CONVERSION = YES;
				CLANG_WARN_OBJC_ROOT_CLASS = YES_ERROR;
				CLANG_WARN_RANGE_LOOP_ANALYSIS = YES;
				CLANG_WARN_STRICT_PROTOTYPES = YES;
				CLANG_WARN_SUSPICIOUS_MOVE = YES;
				CLANG_WARN_UNGUARDED_AVAILABILITY = YES_AGGRESSIVE;
				CLANG_WARN_UNREACHABLE_CODE = YES;
				CLANG_WARN__DUPLICATE_METHOD_MATCH = YES;
				CODE_SIGN_IDENTITY = "iPhone Developer";
				COPY_PHASE_STRIP = NO;
				DEBUG_INFORMATION_FORMAT = dwarf;
				ENABLE_STRICT_OBJC_MSGSEND = YES;
				ENABLE_TESTABILITY = YES;
				GCC_C_LANGUAGE_STANDARD = gnu11;
				GCC_DYNAMIC_NO_PIC = NO;
				GCC_NO_COMMON_BLOCKS = YES;
				GCC_OPTIMIZATION_LEVEL = 0;
				GCC_PREPROCESSOR_DEFINITIONS = (
					"DEBUG=1",
					"$(inherited)",
				);
				GCC_WARN_64_TO_32_BIT_CONVERSION = YES;
				GCC_WARN_ABOUT_RETURN_TYPE = YES_ERROR;
				GCC_WARN_UNDECLARED_SELECTOR = YES;
				GCC_WARN_UNINITIALIZED_AUTOS = YES_AGGRESSIVE;
				GCC_WARN_UNUSED_FUNCTION = YES;
				GCC_WARN_UNUSED_VARIABLE = YES;
				IPHONEOS_DEPLOYMENT_TARGET = 11.4;
				MTL_ENABLE_DEBUG_INFO = YES;
				ONLY_ACTIVE_ARCH = YES;
				SDKROOT = iphoneos;
				SWIFT_ACTIVE_COMPILATION_CONDITIONS = DEBUG;
				SWIFT_OPTIMIZATION_LEVEL = "-Onone";
			};
			name = Debug;
		};
		19BA5BA121031C9300909A7F /* Release */ = {
			isa = XCBuildConfiguration;
			buildSettings = {
				ALWAYS_SEARCH_USER_PATHS = NO;
				CLANG_ANALYZER_NONNULL = YES;
				CLANG_ANALYZER_NUMBER_OBJECT_CONVERSION = YES_AGGRESSIVE;
				CLANG_CXX_LANGUAGE_STANDARD = "gnu++14";
				CLANG_CXX_LIBRARY = "libc++";
				CLANG_ENABLE_MODULES = YES;
				CLANG_ENABLE_OBJC_ARC = YES;
				CLANG_ENABLE_OBJC_WEAK = YES;
				CLANG_WARN_BLOCK_CAPTURE_AUTORELEASING = YES;
				CLANG_WARN_BOOL_CONVERSION = YES;
				CLANG_WARN_COMMA = YES;
				CLANG_WARN_CONSTANT_CONVERSION = YES;
				CLANG_WARN_DEPRECATED_OBJC_IMPLEMENTATIONS = YES;
				CLANG_WARN_DIRECT_OBJC_ISA_USAGE = YES_ERROR;
				CLANG_WARN_DOCUMENTATION_COMMENTS = YES;
				CLANG_WARN_EMPTY_BODY = YES;
				CLANG_WARN_ENUM_CONVERSION = YES;
				CLANG_WARN_INFINITE_RECURSION = YES;
				CLANG_WARN_INT_CONVERSION = YES;
				CLANG_WARN_NON_LITERAL_NULL_CONVERSION = YES;
				CLANG_WARN_OBJC_IMPLICIT_RETAIN_SELF = YES;
				CLANG_WARN_OBJC_LITERAL_CONVERSION = YES;
				CLANG_WARN_OBJC_ROOT_CLASS = YES_ERROR;
				CLANG_WARN_RANGE_LOOP_ANALYSIS = YES;
				CLANG_WARN_STRICT_PROTOTYPES = YES;
				CLANG_WARN_SUSPICIOUS_MOVE = YES;
				CLANG_WARN_UNGUARDED_AVAILABILITY = YES_AGGRESSIVE;
				CLANG_WARN_UNREACHABLE_CODE = YES;
				CLANG_WARN__DUPLICATE_METHOD_MATCH = YES;
				CODE_SIGN_IDENTITY = "iPhone Developer";
				COPY_PHASE_STRIP = NO;
				DEBUG_INFORMATION_FORMAT = "dwarf-with-dsym";
				ENABLE_NS_ASSERTIONS = NO;
				ENABLE_STRICT_OBJC_MSGSEND = YES;
				GCC_C_LANGUAGE_STANDARD = gnu11;
				GCC_NO_COMMON_BLOCKS = YES;
				GCC_WARN_64_TO_32_BIT_CONVERSION = YES;
				GCC_WARN_ABOUT_RETURN_TYPE = YES_ERROR;
				GCC_WARN_UNDECLARED_SELECTOR = YES;
				GCC_WARN_UNINITIALIZED_AUTOS = YES_AGGRESSIVE;
				GCC_WARN_UNUSED_FUNCTION = YES;
				GCC_WARN_UNUSED_VARIABLE = YES;
				IPHONEOS_DEPLOYMENT_TARGET = 11.4;
				MTL_ENABLE_DEBUG_INFO = NO;
				SDKROOT = iphoneos;
				SWIFT_COMPILATION_MODE = wholemodule;
				SWIFT_OPTIMIZATION_LEVEL = "-O";
				VALIDATE_PRODUCT = YES;
			};
			name = Release;
		};
		19BA5BA321031C9300909A7F /* Debug */ = {
			isa = XCBuildConfiguration;
			buildSettings = {
				ASSETCATALOG_COMPILER_APPICON_NAME = AppIcon;
				CODE_SIGN_STYLE = Automatic;
				DEVELOPMENT_TEAM = FRJG63497R;
				ENABLE_BITCODE = NO;
				FRAMEWORK_SEARCH_PATHS = (
					"$(inherited)",
					"$(PROJECT_DIR)/MyMEME",
				);
				INFOPLIST_FILE = MyMEME/Info.plist;
				LD_RUNPATH_SEARCH_PATHS = (
					"$(inherited)",
					"@executable_path/Frameworks",
				);
				PRODUCT_BUNDLE_IDENTIFIER = com.daybysay.MyMEME;
				PRODUCT_NAME = "$(TARGET_NAME)";
				SWIFT_VERSION = 4.0;
				TARGETED_DEVICE_FAMILY = "1,2";
			};
			name = Debug;
		};
		19BA5BA421031C9300909A7F /* Release */ = {
			isa = XCBuildConfiguration;
			buildSettings = {
				ASSETCATALOG_COMPILER_APPICON_NAME = AppIcon;
				CODE_SIGN_STYLE = Automatic;
				DEVELOPMENT_TEAM = FRJG63497R;
				ENABLE_BITCODE = NO;
				FRAMEWORK_SEARCH_PATHS = (
					"$(inherited)",
					"$(PROJECT_DIR)/MyMEME",
				);
				INFOPLIST_FILE = MyMEME/Info.plist;
				LD_RUNPATH_SEARCH_PATHS = (
					"$(inherited)",
					"@executable_path/Frameworks",
				);
				PRODUCT_BUNDLE_IDENTIFIER = com.daybysay.MyMEME;
				PRODUCT_NAME = "$(TARGET_NAME)";
				SWIFT_VERSION = 4.0;
				TARGETED_DEVICE_FAMILY = "1,2";
			};
			name = Release;
		};
/* End XCBuildConfiguration section */

/* Begin XCConfigurationList section */
		19BA5B8B21031C9000909A7F /* Build configuration list for PBXProject "MyMEME" */ = {
			isa = XCConfigurationList;
			buildConfigurations = (
				19BA5BA021031C9300909A7F /* Debug */,
				19BA5BA121031C9300909A7F /* Release */,
			);
			defaultConfigurationIsVisible = 0;
			defaultConfigurationName = Release;
		};
		19BA5BA221031C9300909A7F /* Build configuration list for PBXNativeTarget "MyMEME" */ = {
			isa = XCConfigurationList;
			buildConfigurations = (
				19BA5BA321031C9300909A7F /* Debug */,
				19BA5BA421031C9300909A7F /* Release */,
			);
			defaultConfigurationIsVisible = 0;
			defaultConfigurationName = Release;
		};
/* End XCConfigurationList section */
	};
	rootObject = 19BA5B8821031C9000909A7F /* Project object */;
}
